// !$*UTF8*$!
{
	archiveVersion = 1;
	classes = {
	};
	objectVersion = 50;
	objects = {

/* Begin PBXBuildFile section */
		A810199F20EBB0BE0092385B /* AppDelegate.swift in Sources */ = {isa = PBXBuildFile; fileRef = A810199E20EBB0BE0092385B /* AppDelegate.swift */; };
		A81019A120EBB0BE0092385B /* ViewController.swift in Sources */ = {isa = PBXBuildFile; fileRef = A81019A020EBB0BE0092385B /* ViewController.swift */; };
		A81019A420EBB0BE0092385B /* Main.storyboard in Resources */ = {isa = PBXBuildFile; fileRef = A81019A220EBB0BE0092385B /* Main.storyboard */; };
		A81019A620EBB0C20092385B /* Assets.xcassets in Resources */ = {isa = PBXBuildFile; fileRef = A81019A520EBB0C20092385B /* Assets.xcassets */; };
		A81019A920EBB0C20092385B /* LaunchScreen.storyboard in Resources */ = {isa = PBXBuildFile; fileRef = A81019A720EBB0C20092385B /* LaunchScreen.storyboard */; };
		A81019B420EBB0C20092385B /* MeowFestTests.swift in Sources */ = {isa = PBXBuildFile; fileRef = A81019B320EBB0C20092385B /* MeowFestTests.swift */; };
		A81019BF20EBB0C20092385B /* MeowFestUITests.swift in Sources */ = {isa = PBXBuildFile; fileRef = A81019BE20EBB0C20092385B /* MeowFestUITests.swift */; };
/* End PBXBuildFile section */

/* Begin PBXContainerItemProxy section */
		A81019B020EBB0C20092385B /* PBXContainerItemProxy */ = {
			isa = PBXContainerItemProxy;
			containerPortal = A810199320EBB0BE0092385B /* Project object */;
			proxyType = 1;
			remoteGlobalIDString = A810199A20EBB0BE0092385B;
			remoteInfo = MeowFest;
		};
		A81019BB20EBB0C20092385B /* PBXContainerItemProxy */ = {
			isa = PBXContainerItemProxy;
			containerPortal = A810199320EBB0BE0092385B /* Project object */;
			proxyType = 1;
			remoteGlobalIDString = A810199A20EBB0BE0092385B;
			remoteInfo = MeowFest;
		};
/* End PBXContainerItemProxy section */

/* Begin PBXFileReference section */
		A810199B20EBB0BE0092385B /* MeowFest.app */ = {isa = PBXFileReference; explicitFileType = wrapper.application; includeInIndex = 0; path = MeowFest.app; sourceTree = BUILT_PRODUCTS_DIR; };
		A810199E20EBB0BE0092385B /* AppDelegate.swift */ = {isa = PBXFileReference; lastKnownFileType = sourcecode.swift; path = AppDelegate.swift; sourceTree = "<group>"; };
		A81019A020EBB0BE0092385B /* ViewController.swift */ = {isa = PBXFileReference; lastKnownFileType = sourcecode.swift; path = ViewController.swift; sourceTree = "<group>"; };
		A81019A320EBB0BE0092385B /* Base */ = {isa = PBXFileReference; lastKnownFileType = file.storyboard; name = Base; path = Base.lproj/Main.storyboard; sourceTree = "<group>"; };
		A81019A520EBB0C20092385B /* Assets.xcassets */ = {isa = PBXFileReference; lastKnownFileType = folder.assetcatalog; path = Assets.xcassets; sourceTree = "<group>"; };
		A81019A820EBB0C20092385B /* Base */ = {isa = PBXFileReference; lastKnownFileType = file.storyboard; name = Base; path = Base.lproj/LaunchScreen.storyboard; sourceTree = "<group>"; };
		A81019AA20EBB0C20092385B /* Info.plist */ = {isa = PBXFileReference; lastKnownFileType = text.plist.xml; path = Info.plist; sourceTree = "<group>"; };
		A81019AF20EBB0C20092385B /* MeowFestTests.xctest */ = {isa = PBXFileReference; explicitFileType = wrapper.cfbundle; includeInIndex = 0; path = MeowFestTests.xctest; sourceTree = BUILT_PRODUCTS_DIR; };
		A81019B320EBB0C20092385B /* MeowFestTests.swift */ = {isa = PBXFileReference; lastKnownFileType = sourcecode.swift; path = MeowFestTests.swift; sourceTree = "<group>"; };
		A81019B520EBB0C20092385B /* Info.plist */ = {isa = PBXFileReference; lastKnownFileType = text.plist.xml; path = Info.plist; sourceTree = "<group>"; };
		A81019BA20EBB0C20092385B /* MeowFestUITests.xctest */ = {isa = PBXFileReference; explicitFileType = wrapper.cfbundle; includeInIndex = 0; path = MeowFestUITests.xctest; sourceTree = BUILT_PRODUCTS_DIR; };
		A81019BE20EBB0C20092385B /* MeowFestUITests.swift */ = {isa = PBXFileReference; lastKnownFileType = sourcecode.swift; path = MeowFestUITests.swift; sourceTree = "<group>"; };
		A81019C020EBB0C20092385B /* Info.plist */ = {isa = PBXFileReference; lastKnownFileType = text.plist.xml; path = Info.plist; sourceTree = "<group>"; };
/* End PBXFileReference section */

/* Begin PBXFrameworksBuildPhase section */
		A810199820EBB0BE0092385B /* Frameworks */ = {
			isa = PBXFrameworksBuildPhase;
			buildActionMask = 2147483647;
			files = (
			);
			runOnlyForDeploymentPostprocessing = 0;
		};
		A81019AC20EBB0C20092385B /* Frameworks */ = {
			isa = PBXFrameworksBuildPhase;
			buildActionMask = 2147483647;
			files = (
			);
			runOnlyForDeploymentPostprocessing = 0;
		};
		A81019B720EBB0C20092385B /* Frameworks */ = {
			isa = PBXFrameworksBuildPhase;
			buildActionMask = 2147483647;
			files = (
			);
			runOnlyForDeploymentPostprocessing = 0;
		};
/* End PBXFrameworksBuildPhase section */

/* Begin PBXGroup section */
		A810199220EBB0BE0092385B = {
			isa = PBXGroup;
			children = (
				A810199D20EBB0BE0092385B /* MeowFest */,
				A81019B220EBB0C20092385B /* MeowFestTests */,
				A81019BD20EBB0C20092385B /* MeowFestUITests */,
				A810199C20EBB0BE0092385B /* Products */,
			);
			sourceTree = "<group>";
		};
		A810199C20EBB0BE0092385B /* Products */ = {
			isa = PBXGroup;
			children = (
				A810199B20EBB0BE0092385B /* MeowFest.app */,
				A81019AF20EBB0C20092385B /* MeowFestTests.xctest */,
				A81019BA20EBB0C20092385B /* MeowFestUITests.xctest */,
			);
			name = Products;
			sourceTree = "<group>";
		};
		A810199D20EBB0BE0092385B /* MeowFest */ = {
			isa = PBXGroup;
			children = (
				A810199E20EBB0BE0092385B /* AppDelegate.swift */,
				A81019A020EBB0BE0092385B /* ViewController.swift */,
				A81019A220EBB0BE0092385B /* Main.storyboard */,
				A81019A520EBB0C20092385B /* Assets.xcassets */,
				A81019A720EBB0C20092385B /* LaunchScreen.storyboard */,
				A81019AA20EBB0C20092385B /* Info.plist */,
			);
			path = MeowFest;
			sourceTree = "<group>";
		};
		A81019B220EBB0C20092385B /* MeowFestTests */ = {
			isa = PBXGroup;
			children = (
				A81019B320EBB0C20092385B /* MeowFestTests.swift */,
				A81019B520EBB0C20092385B /* Info.plist */,
			);
			path = MeowFestTests;
			sourceTree = "<group>";
		};
		A81019BD20EBB0C20092385B /* MeowFestUITests */ = {
			isa = PBXGroup;
			children = (
				A81019BE20EBB0C20092385B /* MeowFestUITests.swift */,
				A81019C020EBB0C20092385B /* Info.plist */,
			);
			path = MeowFestUITests;
			sourceTree = "<group>";
		};
/* End PBXGroup section */

/* Begin PBXNativeTarget section */
		A810199A20EBB0BE0092385B /* MeowFest */ = {
			isa = PBXNativeTarget;
			buildConfigurationList = A81019C320EBB0C20092385B /* Build configuration list for PBXNativeTarget "MeowFest" */;
			buildPhases = (
				A810199720EBB0BE0092385B /* Sources */,
				A810199820EBB0BE0092385B /* Frameworks */,
				A810199920EBB0BE0092385B /* Resources */,
			);
			buildRules = (
			);
			dependencies = (
			);
			name = MeowFest;
			productName = MeowFest;
			productReference = A810199B20EBB0BE0092385B /* MeowFest.app */;
			productType = "com.apple.product-type.application";
		};
		A81019AE20EBB0C20092385B /* MeowFestTests */ = {
			isa = PBXNativeTarget;
			buildConfigurationList = A81019C620EBB0C20092385B /* Build configuration list for PBXNativeTarget "MeowFestTests" */;
			buildPhases = (
				A81019AB20EBB0C20092385B /* Sources */,
				A81019AC20EBB0C20092385B /* Frameworks */,
				A81019AD20EBB0C20092385B /* Resources */,
			);
			buildRules = (
			);
			dependencies = (
				A81019B120EBB0C20092385B /* PBXTargetDependency */,
			);
			name = MeowFestTests;
			productName = MeowFestTests;
			productReference = A81019AF20EBB0C20092385B /* MeowFestTests.xctest */;
			productType = "com.apple.product-type.bundle.unit-test";
		};
		A81019B920EBB0C20092385B /* MeowFestUITests */ = {
			isa = PBXNativeTarget;
			buildConfigurationList = A81019C920EBB0C20092385B /* Build configuration list for PBXNativeTarget "MeowFestUITests" */;
			buildPhases = (
				A81019B620EBB0C20092385B /* Sources */,
				A81019B720EBB0C20092385B /* Frameworks */,
				A81019B820EBB0C20092385B /* Resources */,
			);
			buildRules = (
			);
			dependencies = (
				A81019BC20EBB0C20092385B /* PBXTargetDependency */,
			);
			name = MeowFestUITests;
			productName = MeowFestUITests;
			productReference = A81019BA20EBB0C20092385B /* MeowFestUITests.xctest */;
			productType = "com.apple.product-type.bundle.ui-testing";
		};
/* End PBXNativeTarget section */

/* Begin PBXProject section */
		A810199320EBB0BE0092385B /* Project object */ = {
			isa = PBXProject;
			attributes = {
				LastSwiftUpdateCheck = 0940;
				LastUpgradeCheck = 0940;
				ORGANIZATIONNAME = tiguer;
				TargetAttributes = {
					A810199A20EBB0BE0092385B = {
						CreatedOnToolsVersion = 9.4.1;
					};
					A81019AE20EBB0C20092385B = {
						CreatedOnToolsVersion = 9.4.1;
						TestTargetID = A810199A20EBB0BE0092385B;
					};
					A81019B920EBB0C20092385B = {
						CreatedOnToolsVersion = 9.4.1;
						TestTargetID = A810199A20EBB0BE0092385B;
					};
				};
			};
			buildConfigurationList = A810199620EBB0BE0092385B /* Build configuration list for PBXProject "MeowFest" */;
			compatibilityVersion = "Xcode 9.3";
			developmentRegion = en;
			hasScannedForEncodings = 0;
			knownRegions = (
				en,
				Base,
			);
			mainGroup = A810199220EBB0BE0092385B;
			productRefGroup = A810199C20EBB0BE0092385B /* Products */;
			projectDirPath = "";
			projectRoot = "";
			targets = (
				A810199A20EBB0BE0092385B /* MeowFest */,
				A81019AE20EBB0C20092385B /* MeowFestTests */,
				A81019B920EBB0C20092385B /* MeowFestUITests */,
			);
		};
/* End PBXProject section */

/* Begin PBXResourcesBuildPhase section */
		A810199920EBB0BE0092385B /* Resources */ = {
			isa = PBXResourcesBuildPhase;
			buildActionMask = 2147483647;
			files = (
				A81019A920EBB0C20092385B /* LaunchScreen.storyboard in Resources */,
				A81019A620EBB0C20092385B /* Assets.xcassets in Resources */,
				A81019A420EBB0BE0092385B /* Main.storyboard in Resources */,
			);
			runOnlyForDeploymentPostprocessing = 0;
		};
		A81019AD20EBB0C20092385B /* Resources */ = {
			isa = PBXResourcesBuildPhase;
			buildActionMask = 2147483647;
			files = (
			);
			runOnlyForDeploymentPostprocessing = 0;
		};
		A81019B820EBB0C20092385B /* Resources */ = {
			isa = PBXResourcesBuildPhase;
			buildActionMask = 2147483647;
			files = (
			);
			runOnlyForDeploymentPostprocessing = 0;
		};
/* End PBXResourcesBuildPhase section */

/* Begin PBXSourcesBuildPhase section */
		A810199720EBB0BE0092385B /* Sources */ = {
			isa = PBXSourcesBuildPhase;
			buildActionMask = 2147483647;
			files = (
				A81019A120EBB0BE0092385B /* ViewController.swift in Sources */,
				A810199F20EBB0BE0092385B /* AppDelegate.swift in Sources */,
			);
			runOnlyForDeploymentPostprocessing = 0;
		};
		A81019AB20EBB0C20092385B /* Sources */ = {
			isa = PBXSourcesBuildPhase;
			buildActionMask = 2147483647;
			files = (
				A81019B420EBB0C20092385B /* MeowFestTests.swift in Sources */,
			);
			runOnlyForDeploymentPostprocessing = 0;
		};
		A81019B620EBB0C20092385B /* Sources */ = {
			isa = PBXSourcesBuildPhase;
			buildActionMask = 2147483647;
			files = (
				A81019BF20EBB0C20092385B /* MeowFestUITests.swift in Sources */,
			);
			runOnlyForDeploymentPostprocessing = 0;
		};
/* End PBXSourcesBuildPhase section */

/* Begin PBXTargetDependency section */
		A81019B120EBB0C20092385B /* PBXTargetDependency */ = {
			isa = PBXTargetDependency;
			target = A810199A20EBB0BE0092385B /* MeowFest */;
			targetProxy = A81019B020EBB0C20092385B /* PBXContainerItemProxy */;
		};
		A81019BC20EBB0C20092385B /* PBXTargetDependency */ = {
			isa = PBXTargetDependency;
			target = A810199A20EBB0BE0092385B /* MeowFest */;
			targetProxy = A81019BB20EBB0C20092385B /* PBXContainerItemProxy */;
		};
/* End PBXTargetDependency section */

/* Begin PBXVariantGroup section */
		A81019A220EBB0BE0092385B /* Main.storyboard */ = {
			isa = PBXVariantGroup;
			children = (
				A81019A320EBB0BE0092385B /* Base */,
			);
			name = Main.storyboard;
			sourceTree = "<group>";
		};
		A81019A720EBB0C20092385B /* LaunchScreen.storyboard */ = {
			isa = PBXVariantGroup;
			children = (
				A81019A820EBB0C20092385B /* Base */,
			);
			name = LaunchScreen.storyboard;
			sourceTree = "<group>";
		};
/* End PBXVariantGroup section */

/* Begin XCBuildConfiguration section */
		A81019C120EBB0C20092385B /* Debug */ = {
			isa = XCBuildConfiguration;
			buildSettings = {
				ALWAYS_SEARCH_USER_PATHS = NO;
				CLANG_ANALYZER_NONNULL = YES;
				CLANG_ANALYZER_NUMBER_OBJECT_CONVERSION = YES_AGGRESSIVE;
				CLANG_CXX_LANGUAGE_STANDARD = "gnu++14";
				CLANG_CXX_LIBRARY = "libc++";
				CLANG_ENABLE_MODULES = YES;
				CLANG_ENABLE_OBJC_ARC = YES;
				CLANG_ENABLE_OBJC_WEAK = YES;
				CLANG_WARN_BLOCK_CAPTURE_AUTORELEASING = YES;
				CLANG_WARN_BOOL_CONVERSION = YES;
				CLANG_WARN_COMMA = YES;
				CLANG_WARN_CONSTANT_CONVERSION = YES;
				CLANG_WARN_DEPRECATED_OBJC_IMPLEMENTATIONS = YES;
				CLANG_WARN_DIRECT_OBJC_ISA_USAGE = YES_ERROR;
				CLANG_WARN_DOCUMENTATION_COMMENTS = YES;
				CLANG_WARN_EMPTY_BODY = YES;
				CLANG_WARN_ENUM_CONVERSION = YES;
				CLANG_WARN_INFINITE_RECURSION = YES;
				CLANG_WARN_INT_CONVERSION = YES;
				CLANG_WARN_NON_LITERAL_NULL_CONVERSION = YES;
				CLANG_WARN_OBJC_IMPLICIT_RETAIN_SELF = YES;
				CLANG_WARN_OBJC_LITERAL_CONVERSION = YES;
				CLANG_WARN_OBJC_ROOT_CLASS = YES_ERROR;
				CLANG_WARN_RANGE_LOOP_ANALYSIS = YES;
				CLANG_WARN_STRICT_PROTOTYPES = YES;
				CLANG_WARN_SUSPICIOUS_MOVE = YES;
				CLANG_WARN_UNGUARDED_AVAILABILITY = YES_AGGRESSIVE;
				CLANG_WARN_UNREACHABLE_CODE = YES;
				CLANG_WARN__DUPLICATE_METHOD_MATCH = YES;
				CODE_SIGN_IDENTITY = "iPhone Developer";
				COPY_PHASE_STRIP = NO;
				DEBUG_INFORMATION_FORMAT = dwarf;
				ENABLE_STRICT_OBJC_MSGSEND = YES;
				ENABLE_TESTABILITY = YES;
				GCC_C_LANGUAGE_STANDARD = gnu11;
				GCC_DYNAMIC_NO_PIC = NO;
				GCC_NO_COMMON_BLOCKS = YES;
				GCC_OPTIMIZATION_LEVEL = 0;
				GCC_PREPROCESSOR_DEFINITIONS = (
					"DEBUG=1",
					"$(inherited)",
				);
				GCC_WARN_64_TO_32_BIT_CONVERSION = YES;
				GCC_WARN_ABOUT_RETURN_TYPE = YES_ERROR;
				GCC_WARN_UNDECLARED_SELECTOR = YES;
				GCC_WARN_UNINITIALIZED_AUTOS = YES_AGGRESSIVE;
				GCC_WARN_UNUSED_FUNCTION = YES;
				GCC_WARN_UNUSED_VARIABLE = YES;
				IPHONEOS_DEPLOYMENT_TARGET = 11.4;
				MTL_ENABLE_DEBUG_INFO = YES;
				ONLY_ACTIVE_ARCH = YES;
				SDKROOT = iphoneos;
				SWIFT_ACTIVE_COMPILATION_CONDITIONS = DEBUG;
				SWIFT_OPTIMIZATION_LEVEL = "-Onone";
			};
			name = Debug;
		};
		A81019C220EBB0C20092385B /* Release */ = {
			isa = XCBuildConfiguration;
			buildSettings = {
				ALWAYS_SEARCH_USER_PATHS = NO;
				CLANG_ANALYZER_NONNULL = YES;
				CLANG_ANALYZER_NUMBER_OBJECT_CONVERSION = YES_AGGRESSIVE;
				CLANG_CXX_LANGUAGE_STANDARD = "gnu++14";
				CLANG_CXX_LIBRARY = "libc++";
				CLANG_ENABLE_MODULES = YES;
				CLANG_ENABLE_OBJC_ARC = YES;
				CLANG_ENABLE_OBJC_WEAK = YES;
				CLANG_WARN_BLOCK_CAPTURE_AUTORELEASING = YES;
				CLANG_WARN_BOOL_CONVERSION = YES;
				CLANG_WARN_COMMA = YES;
				CLANG_WARN_CONSTANT_CONVERSION = YES;
				CLANG_WARN_DEPRECATED_OBJC_IMPLEMENTATIONS = YES;
				CLANG_WARN_DIRECT_OBJC_ISA_USAGE = YES_ERROR;
				CLANG_WARN_DOCUMENTATION_COMMENTS = YES;
				CLANG_WARN_EMPTY_BODY = YES;
				CLANG_WARN_ENUM_CONVERSION = YES;
				CLANG_WARN_INFINITE_RECURSION = YES;
				CLANG_WARN_INT_CONVERSION = YES;
				CLANG_WARN_NON_LITERAL_NULL_CONVERSION = YES;
				CLANG_WARN_OBJC_IMPLICIT_RETAIN_SELF = YES;
				CLANG_WARN_OBJC_LITERAL_CONVERSION = YES;
				CLANG_WARN_OBJC_ROOT_CLASS = YES_ERROR;
				CLANG_WARN_RANGE_LOOP_ANALYSIS = YES;
				CLANG_WARN_STRICT_PROTOTYPES = YES;
				CLANG_WARN_SUSPICIOUS_MOVE = YES;
				CLANG_WARN_UNGUARDED_AVAILABILITY = YES_AGGRESSIVE;
				CLANG_WARN_UNREACHABLE_CODE = YES;
				CLANG_WARN__DUPLICATE_METHOD_MATCH = YES;
				CODE_SIGN_IDENTITY = "iPhone Developer";
				COPY_PHASE_STRIP = NO;
				DEBUG_INFORMATION_FORMAT = "dwarf-with-dsym";
				ENABLE_NS_ASSERTIONS = NO;
				ENABLE_STRICT_OBJC_MSGSEND = YES;
				GCC_C_LANGUAGE_STANDARD = gnu11;
				GCC_NO_COMMON_BLOCKS = YES;
				GCC_WARN_64_TO_32_BIT_CONVERSION = YES;
				GCC_WARN_ABOUT_RETURN_TYPE = YES_ERROR;
				GCC_WARN_UNDECLARED_SELECTOR = YES;
				GCC_WARN_UNINITIALIZED_AUTOS = YES_AGGRESSIVE;
				GCC_WARN_UNUSED_FUNCTION = YES;
				GCC_WARN_UNUSED_VARIABLE = YES;
				IPHONEOS_DEPLOYMENT_TARGET = 11.4;
				MTL_ENABLE_DEBUG_INFO = NO;
				SDKROOT = iphoneos;
				SWIFT_COMPILATION_MODE = wholemodule;
				SWIFT_OPTIMIZATION_LEVEL = "-O";
				VALIDATE_PRODUCT = YES;
			};
			name = Release;
		};
		A81019C420EBB0C20092385B /* Debug */ = {
			isa = XCBuildConfiguration;
			buildSettings = {
				ASSETCATALOG_COMPILER_APPICON_NAME = AppIcon;
				CODE_SIGN_STYLE = Automatic;
				DEVELOPMENT_TEAM = 462PHCYTGY;
				INFOPLIST_FILE = MeowFest/Info.plist;
				LD_RUNPATH_SEARCH_PATHS = (
					"$(inherited)",
					"@executable_path/Frameworks",
				);
				PRODUCT_BUNDLE_IDENTIFIER = com.tiguer.MeowFest;
				PRODUCT_NAME = "$(TARGET_NAME)";
				SWIFT_VERSION = 4.0;
				TARGETED_DEVICE_FAMILY = "1,2";
			};
			name = Debug;
		};
		A81019C520EBB0C20092385B /* Release */ = {
			isa = XCBuildConfiguration;
			buildSettings = {
				ASSETCATALOG_COMPILER_APPICON_NAME = AppIcon;
				CODE_SIGN_STYLE = Automatic;
				DEVELOPMENT_TEAM = 462PHCYTGY;
				INFOPLIST_FILE = MeowFest/Info.plist;
				LD_RUNPATH_SEARCH_PATHS = (
					"$(inherited)",
					"@executable_path/Frameworks",
				);
				PRODUCT_BUNDLE_IDENTIFIER = com.tiguer.MeowFest;
				PRODUCT_NAME = "$(TARGET_NAME)";
				SWIFT_VERSION = 4.0;
				TARGETED_DEVICE_FAMILY = "1,2";
			};
			name = Release;
		};
		A81019C720EBB0C20092385B /* Debug */ = {
			isa = XCBuildConfiguration;
			buildSettings = {
				ALWAYS_EMBED_SWIFT_STANDARD_LIBRARIES = YES;
				BUNDLE_LOADER = "$(TEST_HOST)";
				CODE_SIGN_STYLE = Automatic;
				DEVELOPMENT_TEAM = 462PHCYTGY;
				INFOPLIST_FILE = MeowFestTests/Info.plist;
				LD_RUNPATH_SEARCH_PATHS = (
					"$(inherited)",
					"@executable_path/Frameworks",
					"@loader_path/Frameworks",
				);
				PRODUCT_BUNDLE_IDENTIFIER = com.tiguer.MeowFestTests;
				PRODUCT_NAME = "$(TARGET_NAME)";
				SWIFT_VERSION = 4.0;
				TARGETED_DEVICE_FAMILY = "1,2";
				TEST_HOST = "$(BUILT_PRODUCTS_DIR)/MeowFest.app/MeowFest";
			};
			name = Debug;
		};
		A81019C820EBB0C20092385B /* Release */ = {
			isa = XCBuildConfiguration;
			buildSettings = {
				ALWAYS_EMBED_SWIFT_STANDARD_LIBRARIES = YES;
				BUNDLE_LOADER = "$(TEST_HOST)";
				CODE_SIGN_STYLE = Automatic;
				DEVELOPMENT_TEAM = 462PHCYTGY;
				INFOPLIST_FILE = MeowFestTests/Info.plist;
				LD_RUNPATH_SEARCH_PATHS = (
					"$(inherited)",
					"@executable_path/Frameworks",
					"@loader_path/Frameworks",
				);
				PRODUCT_BUNDLE_IDENTIFIER = com.tiguer.MeowFestTests;
				PRODUCT_NAME = "$(TARGET_NAME)";
				SWIFT_VERSION = 4.0;
				TARGETED_DEVICE_FAMILY = "1,2";
				TEST_HOST = "$(BUILT_PRODUCTS_DIR)/MeowFest.app/MeowFest";
			};
			name = Release;
		};
		A81019CA20EBB0C20092385B /* Debug */ = {
			isa = XCBuildConfiguration;
			buildSettings = {
				ALWAYS_EMBED_SWIFT_STANDARD_LIBRARIES = YES;
				CODE_SIGN_STYLE = Automatic;
				DEVELOPMENT_TEAM = 462PHCYTGY;
				INFOPLIST_FILE = MeowFestUITests/Info.plist;
				LD_RUNPATH_SEARCH_PATHS = (
					"$(inherited)",
					"@executable_path/Frameworks",
					"@loader_path/Frameworks",
				);
				PRODUCT_BUNDLE_IDENTIFIER = com.tiguer.MeowFestUITests;
				PRODUCT_NAME = "$(TARGET_NAME)";
				SWIFT_VERSION = 4.0;
				TARGETED_DEVICE_FAMILY = "1,2";
				TEST_TARGET_NAME = MeowFest;
			};
			name = Debug;
		};
		A81019CB20EBB0C20092385B /* Release */ = {
			isa = XCBuildConfiguration;
			buildSettings = {
				ALWAYS_EMBED_SWIFT_STANDARD_LIBRARIES = YES;
				CODE_SIGN_STYLE = Automatic;
				DEVELOPMENT_TEAM = 462PHCYTGY;
				INFOPLIST_FILE = MeowFestUITests/Info.plist;
				LD_RUNPATH_SEARCH_PATHS = (
					"$(inherited)",
					"@executable_path/Frameworks",
					"@loader_path/Frameworks",
				);
				PRODUCT_BUNDLE_IDENTIFIER = com.tiguer.MeowFestUITests;
				PRODUCT_NAME = "$(TARGET_NAME)";
				SWIFT_VERSION = 4.0;
				TARGETED_DEVICE_FAMILY = "1,2";
				TEST_TARGET_NAME = MeowFest;
			};
			name = Release;
		};
/* End XCBuildConfiguration section */

/* Begin XCConfigurationList section */
		A810199620EBB0BE0092385B /* Build configuration list for PBXProject "MeowFest" */ = {
			isa = XCConfigurationList;
			buildConfigurations = (
				A81019C120EBB0C20092385B /* Debug */,
				A81019C220EBB0C20092385B /* Release */,
			);
			defaultConfigurationIsVisible = 0;
			defaultConfigurationName = Release;
		};
		A81019C320EBB0C20092385B /* Build configuration list for PBXNativeTarget "MeowFest" */ = {
			isa = XCConfigurationList;
			buildConfigurations = (
				A81019C420EBB0C20092385B /* Debug */,
				A81019C520EBB0C20092385B /* Release */,
			);
			defaultConfigurationIsVisible = 0;
			defaultConfigurationName = Release;
		};
		A81019C620EBB0C20092385B /* Build configuration list for PBXNativeTarget "MeowFestTests" */ = {
			isa = XCConfigurationList;
			buildConfigurations = (
				A81019C720EBB0C20092385B /* Debug */,
				A81019C820EBB0C20092385B /* Release */,
			);
			defaultConfigurationIsVisible = 0;
			defaultConfigurationName = Release;
		};
		A81019C920EBB0C20092385B /* Build configuration list for PBXNativeTarget "MeowFestUITests" */ = {
			isa = XCConfigurationList;
			buildConfigurations = (
				A81019CA20EBB0C20092385B /* Debug */,
				A81019CB20EBB0C20092385B /* Release */,
			);
			defaultConfigurationIsVisible = 0;
			defaultConfigurationName = Release;
		};
/* End XCConfigurationList section */
	};
	rootObject = A810199320EBB0BE0092385B /* Project object */;
}
